// !$*UTF8*$!
{
	archiveVersion = 1;
	classes = {
	};
	objectVersion = 56;
	objects = {

/* Begin PBXBuildFile section */
		B04112F929EFB8410053A75E /* ViewModel.swift in Sources */ = {isa = PBXBuildFile; fileRef = B04112F829EFB8410053A75E /* ViewModel.swift */; };
		B06E99FE29E92D1C00B281B0 /* DataModel.swift in Sources */ = {isa = PBXBuildFile; fileRef = B06E99FD29E92D1C00B281B0 /* DataModel.swift */; };
		B080FDE929DDF1E0004F1397 /* MapView.swift in Sources */ = {isa = PBXBuildFile; fileRef = B080FDE829DDF1DF004F1397 /* MapView.swift */; };
		B080FDED29DE1769004F1397 /* ShowFoodView.swift in Sources */ = {isa = PBXBuildFile; fileRef = B080FDEC29DE1769004F1397 /* ShowFoodView.swift */; };
		B0A7E8C529D6319000765AD7 /* FinalProject_version1App.swift in Sources */ = {isa = PBXBuildFile; fileRef = B0A7E8C429D6319000765AD7 /* FinalProject_version1App.swift */; };
		B0A7E8C729D6319000765AD7 /* ContentView.swift in Sources */ = {isa = PBXBuildFile; fileRef = B0A7E8C629D6319000765AD7 /* ContentView.swift */; };
		B0A7E8C929D6319200765AD7 /* Assets.xcassets in Resources */ = {isa = PBXBuildFile; fileRef = B0A7E8C829D6319200765AD7 /* Assets.xcassets */; };
		B0A7E8CC29D6319200765AD7 /* Preview Assets.xcassets in Resources */ = {isa = PBXBuildFile; fileRef = B0A7E8CB29D6319200765AD7 /* Preview Assets.xcassets */; };
		B0A7E8CE29D6319200765AD7 /* Persistence.swift in Sources */ = {isa = PBXBuildFile; fileRef = B0A7E8CD29D6319200765AD7 /* Persistence.swift */; };
		B0A7E8D129D6319200765AD7 /* FinalProject_version1.xcdatamodeld in Sources */ = {isa = PBXBuildFile; fileRef = B0A7E8CF29D6319200765AD7 /* FinalProject_version1.xcdatamodeld */; };
/* End PBXBuildFile section */

/* Begin PBXFileReference section */
		B04112F829EFB8410053A75E /* ViewModel.swift */ = {isa = PBXFileReference; lastKnownFileType = sourcecode.swift; path = ViewModel.swift; sourceTree = "<group>"; };
		B06E99FD29E92D1C00B281B0 /* DataModel.swift */ = {isa = PBXFileReference; lastKnownFileType = sourcecode.swift; path = DataModel.swift; sourceTree = "<group>"; };
		B080FDE829DDF1DF004F1397 /* MapView.swift */ = {isa = PBXFileReference; lastKnownFileType = sourcecode.swift; path = MapView.swift; sourceTree = "<group>"; };
		B080FDEC29DE1769004F1397 /* ShowFoodView.swift */ = {isa = PBXFileReference; lastKnownFileType = sourcecode.swift; path = ShowFoodView.swift; sourceTree = "<group>"; };
		B0A7E8C129D6319000765AD7 /* FinalProject-version1.app */ = {isa = PBXFileReference; explicitFileType = wrapper.application; includeInIndex = 0; path = "FinalProject-version1.app"; sourceTree = BUILT_PRODUCTS_DIR; };
		B0A7E8C429D6319000765AD7 /* FinalProject_version1App.swift */ = {isa = PBXFileReference; lastKnownFileType = sourcecode.swift; path = FinalProject_version1App.swift; sourceTree = "<group>"; };
		B0A7E8C629D6319000765AD7 /* ContentView.swift */ = {isa = PBXFileReference; lastKnownFileType = sourcecode.swift; path = ContentView.swift; sourceTree = "<group>"; };
		B0A7E8C829D6319200765AD7 /* Assets.xcassets */ = {isa = PBXFileReference; lastKnownFileType = folder.assetcatalog; path = Assets.xcassets; sourceTree = "<group>"; };
		B0A7E8CB29D6319200765AD7 /* Preview Assets.xcassets */ = {isa = PBXFileReference; lastKnownFileType = folder.assetcatalog; path = "Preview Assets.xcassets"; sourceTree = "<group>"; };
		B0A7E8CD29D6319200765AD7 /* Persistence.swift */ = {isa = PBXFileReference; lastKnownFileType = sourcecode.swift; path = Persistence.swift; sourceTree = "<group>"; };
		B0A7E8D029D6319200765AD7 /* FinalProject_version1.xcdatamodel */ = {isa = PBXFileReference; lastKnownFileType = wrapper.xcdatamodel; path = FinalProject_version1.xcdatamodel; sourceTree = "<group>"; };
/* End PBXFileReference section */

/* Begin PBXFrameworksBuildPhase section */
		B0A7E8BE29D6319000765AD7 /* Frameworks */ = {
			isa = PBXFrameworksBuildPhase;
			buildActionMask = 2147483647;
			files = (
			);
			runOnlyForDeploymentPostprocessing = 0;
		};
/* End PBXFrameworksBuildPhase section */

/* Begin PBXGroup section */
		B0A7E8B829D6319000765AD7 = {
			isa = PBXGroup;
			children = (
				B0A7E8C329D6319000765AD7 /* FinalProject-version1 */,
				B0A7E8C229D6319000765AD7 /* Products */,
			);
			sourceTree = "<group>";
		};
		B0A7E8C229D6319000765AD7 /* Products */ = {
			isa = PBXGroup;
			children = (
				B0A7E8C129D6319000765AD7 /* FinalProject-version1.app */,
			);
			name = Products;
			sourceTree = "<group>";
		};
		B0A7E8C329D6319000765AD7 /* FinalProject-version1 */ = {
			isa = PBXGroup;
			children = (
				B0A7E8C429D6319000765AD7 /* FinalProject_version1App.swift */,
				B0A7E8C629D6319000765AD7 /* ContentView.swift */,
				B0A7E8C829D6319200765AD7 /* Assets.xcassets */,
				B0A7E8CD29D6319200765AD7 /* Persistence.swift */,
				B0A7E8CF29D6319200765AD7 /* FinalProject_version1.xcdatamodeld */,
				B0A7E8CA29D6319200765AD7 /* Preview Content */,
				B080FDE829DDF1DF004F1397 /* MapView.swift */,
				B080FDEC29DE1769004F1397 /* ShowFoodView.swift */,
				B06E99FD29E92D1C00B281B0 /* DataModel.swift */,
				B04112F829EFB8410053A75E /* ViewModel.swift */,
			);
			path = "FinalProject-version1";
			sourceTree = "<group>";
		};
		B0A7E8CA29D6319200765AD7 /* Preview Content */ = {
			isa = PBXGroup;
			children = (
				B0A7E8CB29D6319200765AD7 /* Preview Assets.xcassets */,
			);
			path = "Preview Content";
			sourceTree = "<group>";
		};
/* End PBXGroup section */

/* Begin PBXNativeTarget section */
		B0A7E8C029D6319000765AD7 /* FinalProject-version1 */ = {
			isa = PBXNativeTarget;
			buildConfigurationList = B0A7E8D429D6319200765AD7 /* Build configuration list for PBXNativeTarget "FinalProject-version1" */;
			buildPhases = (
				B0A7E8BD29D6319000765AD7 /* Sources */,
				B0A7E8BE29D6319000765AD7 /* Frameworks */,
				B0A7E8BF29D6319000765AD7 /* Resources */,
			);
			buildRules = (
			);
			dependencies = (
			);
			name = "FinalProject-version1";
			productName = "FinalProject-version1";
			productReference = B0A7E8C129D6319000765AD7 /* FinalProject-version1.app */;
			productType = "com.apple.product-type.application";
		};
/* End PBXNativeTarget section */

/* Begin PBXProject section */
		B0A7E8B929D6319000765AD7 /* Project object */ = {
			isa = PBXProject;
			attributes = {
				BuildIndependentTargetsInParallel = 1;
				LastSwiftUpdateCheck = 1420;
				LastUpgradeCheck = 1420;
				TargetAttributes = {
					B0A7E8C029D6319000765AD7 = {
						CreatedOnToolsVersion = 14.2;
					};
				};
			};
			buildConfigurationList = B0A7E8BC29D6319000765AD7 /* Build configuration list for PBXProject "FinalProject-version1" */;
			compatibilityVersion = "Xcode 14.0";
			developmentRegion = en;
			hasScannedForEncodings = 0;
			knownRegions = (
				en,
				Base,
			);
			mainGroup = B0A7E8B829D6319000765AD7;
			productRefGroup = B0A7E8C229D6319000765AD7 /* Products */;
			projectDirPath = "";
			projectRoot = "";
			targets = (
				B0A7E8C029D6319000765AD7 /* FinalProject-version1 */,
			);
		};
/* End PBXProject section */

/* Begin PBXResourcesBuildPhase section */
		B0A7E8BF29D6319000765AD7 /* Resources */ = {
			isa = PBXResourcesBuildPhase;
			buildActionMask = 2147483647;
			files = (
				B0A7E8CC29D6319200765AD7 /* Preview Assets.xcassets in Resources */,
				B0A7E8C929D6319200765AD7 /* Assets.xcassets in Resources */,
			);
			runOnlyForDeploymentPostprocessing = 0;
		};
/* End PBXResourcesBuildPhase section */

/* Begin PBXSourcesBuildPhase section */
		B0A7E8BD29D6319000765AD7 /* Sources */ = {
			isa = PBXSourcesBuildPhase;
			buildActionMask = 2147483647;
			files = (
				B06E99FE29E92D1C00B281B0 /* DataModel.swift in Sources */,
				B0A7E8CE29D6319200765AD7 /* Persistence.swift in Sources */,
				B0A7E8D129D6319200765AD7 /* FinalProject_version1.xcdatamodeld in Sources */,
				B080FDE929DDF1E0004F1397 /* MapView.swift in Sources */,
				B0A7E8C729D6319000765AD7 /* ContentView.swift in Sources */,
				B080FDED29DE1769004F1397 /* ShowFoodView.swift in Sources */,
				B04112F929EFB8410053A75E /* ViewModel.swift in Sources */,
				B0A7E8C529D6319000765AD7 /* FinalProject_version1App.swift in Sources */,
			);
			runOnlyForDeploymentPostprocessing = 0;
		};
/* End PBXSourcesBuildPhase section */

/* Begin XCBuildConfiguration section */
		B0A7E8D229D6319200765AD7 /* Debug */ = {
			isa = XCBuildConfiguration;
			buildSettings = {
				ALWAYS_SEARCH_USER_PATHS = NO;
				CLANG_ANALYZER_NONNULL = YES;
				CLANG_ANALYZER_NUMBER_OBJECT_CONVERSION = YES_AGGRESSIVE;
				CLANG_CXX_LANGUAGE_STANDARD = "gnu++20";
				CLANG_ENABLE_MODULES = YES;
				CLANG_ENABLE_OBJC_ARC = YES;
				CLANG_ENABLE_OBJC_WEAK = YES;
				CLANG_WARN_BLOCK_CAPTURE_AUTORELEASING = YES;
				CLANG_WARN_BOOL_CONVERSION = YES;
				CLANG_WARN_COMMA = YES;
				CLANG_WARN_CONSTANT_CONVERSION = YES;
				CLANG_WARN_DEPRECATED_OBJC_IMPLEMENTATIONS = YES;
				CLANG_WARN_DIRECT_OBJC_ISA_USAGE = YES_ERROR;
				CLANG_WARN_DOCUMENTATION_COMMENTS = YES;
				CLANG_WARN_EMPTY_BODY = YES;
				CLANG_WARN_ENUM_CONVERSION = YES;
				CLANG_WARN_INFINITE_RECURSION = YES;
				CLANG_WARN_INT_CONVERSION = YES;
				CLANG_WARN_NON_LITERAL_NULL_CONVERSION = YES;
				CLANG_WARN_OBJC_IMPLICIT_RETAIN_SELF = YES;
				CLANG_WARN_OBJC_LITERAL_CONVERSION = YES;
				CLANG_WARN_OBJC_ROOT_CLASS = YES_ERROR;
				CLANG_WARN_QUOTED_INCLUDE_IN_FRAMEWORK_HEADER = YES;
				CLANG_WARN_RANGE_LOOP_ANALYSIS = YES;
				CLANG_WARN_STRICT_PROTOTYPES = YES;
				CLANG_WARN_SUSPICIOUS_MOVE = YES;
				CLANG_WARN_UNGUARDED_AVAILABILITY = YES_AGGRESSIVE;
				CLANG_WARN_UNREACHABLE_CODE = YES;
				CLANG_WARN__DUPLICATE_METHOD_MATCH = YES;
				COPY_PHASE_STRIP = NO;
				DEBUG_INFORMATION_FORMAT = dwarf;
				ENABLE_STRICT_OBJC_MSGSEND = YES;
				ENABLE_TESTABILITY = YES;
				GCC_C_LANGUAGE_STANDARD = gnu11;
				GCC_DYNAMIC_NO_PIC = NO;
				GCC_NO_COMMON_BLOCKS = YES;
				GCC_OPTIMIZATION_LEVEL = 0;
				GCC_PREPROCESSOR_DEFINITIONS = (
					"DEBUG=1",
					"$(inherited)",
				);
				GCC_WARN_64_TO_32_BIT_CONVERSION = YES;
				GCC_WARN_ABOUT_RETURN_TYPE = YES_ERROR;
				GCC_WARN_UNDECLARED_SELECTOR = YES;
				GCC_WARN_UNINITIALIZED_AUTOS = YES_AGGRESSIVE;
				GCC_WARN_UNUSED_FUNCTION = YES;
				GCC_WARN_UNUSED_VARIABLE = YES;
				IPHONEOS_DEPLOYMENT_TARGET = 16.2;
				MTL_ENABLE_DEBUG_INFO = INCLUDE_SOURCE;
				MTL_FAST_MATH = YES;
				ONLY_ACTIVE_ARCH = YES;
				SDKROOT = iphoneos;
				SWIFT_ACTIVE_COMPILATION_CONDITIONS = DEBUG;
				SWIFT_OPTIMIZATION_LEVEL = "-Onone";
			};
			name = Debug;
		};
		B0A7E8D329D6319200765AD7 /* Release */ = {
			isa = XCBuildConfiguration;
			buildSettings = {
				ALWAYS_SEARCH_USER_PATHS = NO;
				CLANG_ANALYZER_NONNULL = YES;
				CLANG_ANALYZER_NUMBER_OBJECT_CONVERSION = YES_AGGRESSIVE;
				CLANG_CXX_LANGUAGE_STANDARD = "gnu++20";
				CLANG_ENABLE_MODULES = YES;
				CLANG_ENABLE_OBJC_ARC = YES;
				CLANG_ENABLE_OBJC_WEAK = YES;
				CLANG_WARN_BLOCK_CAPTURE_AUTORELEASING = YES;
				CLANG_WARN_BOOL_CONVERSION = YES;
				CLANG_WARN_COMMA = YES;
				CLANG_WARN_CONSTANT_CONVERSION = YES;
				CLANG_WARN_DEPRECATED_OBJC_IMPLEMENTATIONS = YES;
				CLANG_WARN_DIRECT_OBJC_ISA_USAGE = YES_ERROR;
				CLANG_WARN_DOCUMENTATION_COMMENTS = YES;
				CLANG_WARN_EMPTY_BODY = YES;
				CLANG_WARN_ENUM_CONVERSION = YES;
				CLANG_WARN_INFINITE_RECURSION = YES;
				CLANG_WARN_INT_CONVERSION = YES;
				CLANG_WARN_NON_LITERAL_NULL_CONVERSION = YES;
				CLANG_WARN_OBJC_IMPLICIT_RETAIN_SELF = YES;
				CLANG_WARN_OBJC_LITERAL_CONVERSION = YES;
				CLANG_WARN_OBJC_ROOT_CLASS = YES_ERROR;
				CLANG_WARN_QUOTED_INCLUDE_IN_FRAMEWORK_HEADER = YES;
				CLANG_WARN_RANGE_LOOP_ANALYSIS = YES;
				CLANG_WARN_STRICT_PROTOTYPES = YES;
				CLANG_WARN_SUSPICIOUS_MOVE = YES;
				CLANG_WARN_UNGUARDED_AVAILABILITY = YES_AGGRESSIVE;
				CLANG_WARN_UNREACHABLE_CODE = YES;
				CLANG_WARN__DUPLICATE_METHOD_MATCH = YES;
				COPY_PHASE_STRIP = NO;
				DEBUG_INFORMATION_FORMAT = "dwarf-with-dsym";
				ENABLE_NS_ASSERTIONS = NO;
				ENABLE_STRICT_OBJC_MSGSEND = YES;
				GCC_C_LANGUAGE_STANDARD = gnu11;
				GCC_NO_COMMON_BLOCKS = YES;
				GCC_WARN_64_TO_32_BIT_CONVERSION = YES;
				GCC_WARN_ABOUT_RETURN_TYPE = YES_ERROR;
				GCC_WARN_UNDECLARED_SELECTOR = YES;
				GCC_WARN_UNINITIALIZED_AUTOS = YES_AGGRESSIVE;
				GCC_WARN_UNUSED_FUNCTION = YES;
				GCC_WARN_UNUSED_VARIABLE = YES;
				IPHONEOS_DEPLOYMENT_TARGET = 16.2;
				MTL_ENABLE_DEBUG_INFO = NO;
				MTL_FAST_MATH = YES;
				SDKROOT = iphoneos;
				SWIFT_COMPILATION_MODE = wholemodule;
				SWIFT_OPTIMIZATION_LEVEL = "-O";
				VALIDATE_PRODUCT = YES;
			};
			name = Release;
		};
		B0A7E8D529D6319200765AD7 /* Debug */ = {
			isa = XCBuildConfiguration;
			buildSettings = {
				ASSETCATALOG_COMPILER_APPICON_NAME = AppIcon;
				ASSETCATALOG_COMPILER_GLOBAL_ACCENT_COLOR_NAME = AccentColor;
				CODE_SIGN_STYLE = Automatic;
				CURRENT_PROJECT_VERSION = 1;
				DEVELOPMENT_ASSET_PATHS = "\"FinalProject-version1/Preview Content\"";
				DEVELOPMENT_TEAM = 8VXHJDWNTH;
				ENABLE_PREVIEWS = YES;
				GENERATE_INFOPLIST_FILE = YES;
				INFOPLIST_KEY_UIApplicationSceneManifest_Generation = YES;
				INFOPLIST_KEY_UIApplicationSupportsIndirectInputEvents = YES;
				INFOPLIST_KEY_UILaunchScreen_Generation = YES;
				INFOPLIST_KEY_UISupportedInterfaceOrientations_iPad = "UIInterfaceOrientationPortrait UIInterfaceOrientationPortraitUpsideDown UIInterfaceOrientationLandscapeLeft UIInterfaceOrientationLandscapeRight";
				INFOPLIST_KEY_UISupportedInterfaceOrientations_iPhone = "UIInterfaceOrientationPortrait UIInterfaceOrientationLandscapeLeft UIInterfaceOrientationLandscapeRight";
				LD_RUNPATH_SEARCH_PATHS = (
					"$(inherited)",
					"@executable_path/Frameworks",
				);
				MARKETING_VERSION = 1.0;
				PRODUCT_BUNDLE_IDENTIFIER = "BaoHuynh.FinalProject-version1";
				PRODUCT_NAME = "$(TARGET_NAME)";
				SWIFT_EMIT_LOC_STRINGS = YES;
				SWIFT_VERSION = 5.0;
				TARGETED_DEVICE_FAMILY = "1,2";
			};
			name = Debug;
		};
		B0A7E8D629D6319200765AD7 /* Release */ = {
			isa = XCBuildConfiguration;
			buildSettings = {
				ASSETCATALOG_COMPILER_APPICON_NAME = AppIcon;
				ASSETCATALOG_COMPILER_GLOBAL_ACCENT_COLOR_NAME = AccentColor;
				CODE_SIGN_STYLE = Automatic;
				CURRENT_PROJECT_VERSION = 1;
				DEVELOPMENT_ASSET_PATHS = "\"FinalProject-version1/Preview Content\"";
				DEVELOPMENT_TEAM = 8VXHJDWNTH;
				ENABLE_PREVIEWS = YES;
				GENERATE_INFOPLIST_FILE = YES;
				INFOPLIST_KEY_UIApplicationSceneManifest_Generation = YES;
				INFOPLIST_KEY_UIApplicationSupportsIndirectInputEvents = YES;
				INFOPLIST_KEY_UILaunchScreen_Generation = YES;
				INFOPLIST_KEY_UISupportedInterfaceOrientations_iPad = "UIInterfaceOrientationPortrait UIInterfaceOrientationPortraitUpsideDown UIInterfaceOrientationLandscapeLeft UIInterfaceOrientationLandscapeRight";
				INFOPLIST_KEY_UISupportedInterfaceOrientations_iPhone = "UIInterfaceOrientationPortrait UIInterfaceOrientationLandscapeLeft UIInterfaceOrientationLandscapeRight";
				LD_RUNPATH_SEARCH_PATHS = (
					"$(inherited)",
					"@executable_path/Frameworks",
				);
				MARKETING_VERSION = 1.0;
				PRODUCT_BUNDLE_IDENTIFIER = "BaoHuynh.FinalProject-version1";
				PRODUCT_NAME = "$(TARGET_NAME)";
				SWIFT_EMIT_LOC_STRINGS = YES;
				SWIFT_VERSION = 5.0;
				TARGETED_DEVICE_FAMILY = "1,2";
			};
			name = Release;
		};
/* End XCBuildConfiguration section */

/* Begin XCConfigurationList section */
		B0A7E8BC29D6319000765AD7 /* Build configuration list for PBXProject "FinalProject-version1" */ = {
			isa = XCConfigurationList;
			buildConfigurations = (
				B0A7E8D229D6319200765AD7 /* Debug */,
				B0A7E8D329D6319200765AD7 /* Release */,
			);
			defaultConfigurationIsVisible = 0;
			defaultConfigurationName = Release;
		};
		B0A7E8D429D6319200765AD7 /* Build configuration list for PBXNativeTarget "FinalProject-version1" */ = {
			isa = XCConfigurationList;
			buildConfigurations = (
				B0A7E8D529D6319200765AD7 /* Debug */,
				B0A7E8D629D6319200765AD7 /* Release */,
			);
			defaultConfigurationIsVisible = 0;
			defaultConfigurationName = Release;
		};
/* End XCConfigurationList section */

/* Begin XCVersionGroup section */
		B0A7E8CF29D6319200765AD7 /* FinalProject_version1.xcdatamodeld */ = {
			isa = XCVersionGroup;
			children = (
				B0A7E8D029D6319200765AD7 /* FinalProject_version1.xcdatamodel */,
			);
			currentVersion = B0A7E8D029D6319200765AD7 /* FinalProject_version1.xcdatamodel */;
			path = FinalProject_version1.xcdatamodeld;
			sourceTree = "<group>";
			versionGroupType = wrapper.xcdatamodel;
		};
/* End XCVersionGroup section */
	};
	rootObject = B0A7E8B929D6319000765AD7 /* Project object */;
}
